
Microsoft Visual Studio Solution File, Format Version 12.00
# Visual Studio Version 17
VisualStudioVersion = 17.0.31903.59
MinimumVisualStudioVersion = 10.0.40219.1
Project("{FAE04EC0-301F-11D3-BF4B-00C04F79EFBC}") = "Tsade.Barcode.Web", "Tsade.Barcode.Web\Tsade.Barcode.Web.csproj", "{5024E32D-F55D-4DCE-B3A8-E21932B5DED5}"
EndProject
Project("{FAE04EC0-301F-11D3-BF4B-00C04F79EFBC}") = "Tsade.Barcode.Test", "Tsade.Barcode.Test\Tsade.Barcode.Test.csproj", "{3AA2110C-E310-4FE9-9150-6B9BA1E37C13}"
EndProject
Global
	GlobalSection(SolutionConfigurationPlatforms) = preSolution
		Debug|Any CPU = Debug|Any CPU
		Release|Any CPU = Release|Any CPU
	EndGlobalSection
	GlobalSection(SolutionProperties) = preSolution
		HideSolutionNode = FALSE
	EndGlobalSection
	GlobalSection(ProjectConfigurationPlatforms) = postSolution
		{5024E32D-F55D-4DCE-B3A8-E21932B5DED5}.Debug|Any CPU.ActiveCfg = Debug|Any CPU
		{5024E32D-F55D-4DCE-B3A8-E21932B5DED5}.Debug|Any CPU.Build.0 = Debug|Any CPU
		{5024E32D-F55D-4DCE-B3A8-E21932B5DED5}.Release|Any CPU.ActiveCfg = Release|Any CPU
		{5024E32D-F55D-4DCE-B3A8-E21932B5DED5}.Release|Any CPU.Build.0 = Release|Any CPU
		{3AA2110C-E310-4FE9-9150-6B9BA1E37C13}.Debug|Any CPU.ActiveCfg = Debug|Any CPU
		{3AA2110C-E310-4FE9-9150-6B9BA1E37C13}.Debug|Any CPU.Build.0 = Debug|Any CPU
		{3AA2110C-E310-4FE9-9150-6B9BA1E37C13}.Release|Any CPU.ActiveCfg = Release|Any CPU
		{3AA2110C-E310-4FE9-9150-6B9BA1E37C13}.Release|Any CPU.Build.0 = Release|Any CPU
	EndGlobalSection
EndGlobal
