
Microsoft Visual Studio Solution File, Format Version 12.00
# Visual Studio Version 17
VisualStudioVersion = 17.0.31903.59
MinimumVisualStudioVersion = 10.0.40219.1
Project("{FAE04EC0-301F-11D3-BF4B-00C04F79EFBC}") = "Tsade.Barcode.Test", "Tsade.Barcode.Test\Tsade.Barcode.Test.csproj", "{3AA2110C-E310-4FE9-9150-6B9BA1E37C13}"
EndProject
Project("{FAE04EC0-301F-11D3-BF4B-00C04F79EFBC}") = "Tsade.Barcode.RazorWeb", "Tsade.Barcode.RazorWeb\Tsade.Barcode.RazorWeb.csproj", "{D51F7F8D-3765-46C6-B1E8-EC7B28ED1387}"
EndProject
Global
	GlobalSection(SolutionConfigurationPlatforms) = preSolution
		Debug|Any CPU = Debug|Any CPU
		Release|Any CPU = Release|Any CPU
	EndGlobalSection
	GlobalSection(SolutionProperties) = preSolution
		HideSolutionNode = FALSE
	EndGlobalSection
	GlobalSection(ProjectConfigurationPlatforms) = postSolution
		{3AA2110C-E310-4FE9-9150-6B9BA1E37C13}.Debug|Any CPU.ActiveCfg = Debug|Any CPU
		{3AA2110C-E310-4FE9-9150-6B9BA1E37C13}.Debug|Any CPU.Build.0 = Debug|Any CPU
		{3AA2110C-E310-4FE9-9150-6B9BA1E37C13}.Release|Any CPU.ActiveCfg = Release|Any CPU
		{3AA2110C-E310-4FE9-9150-6B9BA1E37C13}.Release|Any CPU.Build.0 = Release|Any CPU
		{D51F7F8D-3765-46C6-B1E8-EC7B28ED1387}.Debug|Any CPU.ActiveCfg = Debug|Any CPU
		{D51F7F8D-3765-46C6-B1E8-EC7B28ED1387}.Debug|Any CPU.Build.0 = Debug|Any CPU
		{D51F7F8D-3765-46C6-B1E8-EC7B28ED1387}.Release|Any CPU.ActiveCfg = Release|Any CPU
		{D51F7F8D-3765-46C6-B1E8-EC7B28ED1387}.Release|Any CPU.Build.0 = Release|Any CPU
	EndGlobalSection 
EndGlobal
